// !$*UTF8*$!
{
	archiveVersion = 1;
	classes = {
	};
	objectVersion = 55;
	objects = {

/* Begin PBXBuildFile section */
		70271F8F28955105009D8757 /* AppDelegate.swift in Sources */ = {isa = PBXBuildFile; fileRef = 70271F8E28955105009D8757 /* AppDelegate.swift */; };
		70271F9128955105009D8757 /* SceneDelegate.swift in Sources */ = {isa = PBXBuildFile; fileRef = 70271F9028955105009D8757 /* SceneDelegate.swift */; };
		70271F9628955105009D8757 /* Main.storyboard in Resources */ = {isa = PBXBuildFile; fileRef = 70271F9428955105009D8757 /* Main.storyboard */; };
		70271F9828955107009D8757 /* Assets.xcassets in Resources */ = {isa = PBXBuildFile; fileRef = 70271F9728955107009D8757 /* Assets.xcassets */; };
		70271F9B28955107009D8757 /* LaunchScreen.storyboard in Resources */ = {isa = PBXBuildFile; fileRef = 70271F9928955107009D8757 /* LaunchScreen.storyboard */; };
		70271FA6289554A3009D8757 /* RegistrationViewController.swift in Sources */ = {isa = PBXBuildFile; fileRef = 70271FA5289554A3009D8757 /* RegistrationViewController.swift */; };
		705F376A28983B110077E889 /* User.swift in Sources */ = {isa = PBXBuildFile; fileRef = 705F376928983B110077E889 /* User.swift */; };
		70CF10FA28955D48006C6BD7 /* FirstTableViewCell.swift in Sources */ = {isa = PBXBuildFile; fileRef = 70CF10F928955D48006C6BD7 /* FirstTableViewCell.swift */; };
		70CF10FC28955D5B006C6BD7 /* SecondTableViewCell.swift in Sources */ = {isa = PBXBuildFile; fileRef = 70CF10FB28955D5B006C6BD7 /* SecondTableViewCell.swift */; };
		70CF10FE28955D69006C6BD7 /* ThirdTableViewCell.swift in Sources */ = {isa = PBXBuildFile; fileRef = 70CF10FD28955D69006C6BD7 /* ThirdTableViewCell.swift */; };
		70CF110028955D79006C6BD7 /* ForthTableViewCell.swift in Sources */ = {isa = PBXBuildFile; fileRef = 70CF10FF28955D79006C6BD7 /* ForthTableViewCell.swift */; };
		70CF11222895A6C8006C6BD7 /* VaccineViewController.swift in Sources */ = {isa = PBXBuildFile; fileRef = 70CF11212895A6C8006C6BD7 /* VaccineViewController.swift */; };
		70CF11242895A8BE006C6BD7 /* VaccineTableViewCell.swift in Sources */ = {isa = PBXBuildFile; fileRef = 70CF11232895A8BE006C6BD7 /* VaccineTableViewCell.swift */; };
/* End PBXBuildFile section */

/* Begin PBXFileReference section */
		70271F8B28955105009D8757 /* tableViewProjectV2.app */ = {isa = PBXFileReference; explicitFileType = wrapper.application; includeInIndex = 0; path = tableViewProjectV2.app; sourceTree = BUILT_PRODUCTS_DIR; };
		70271F8E28955105009D8757 /* AppDelegate.swift */ = {isa = PBXFileReference; lastKnownFileType = sourcecode.swift; path = AppDelegate.swift; sourceTree = "<group>"; };
		70271F9028955105009D8757 /* SceneDelegate.swift */ = {isa = PBXFileReference; lastKnownFileType = sourcecode.swift; path = SceneDelegate.swift; sourceTree = "<group>"; };
		70271F9528955105009D8757 /* Base */ = {isa = PBXFileReference; lastKnownFileType = file.storyboard; name = Base; path = Base.lproj/Main.storyboard; sourceTree = "<group>"; };
		70271F9728955107009D8757 /* Assets.xcassets */ = {isa = PBXFileReference; lastKnownFileType = folder.assetcatalog; path = Assets.xcassets; sourceTree = "<group>"; };
		70271F9A28955107009D8757 /* Base */ = {isa = PBXFileReference; lastKnownFileType = file.storyboard; name = Base; path = Base.lproj/LaunchScreen.storyboard; sourceTree = "<group>"; };
		70271F9C28955107009D8757 /* Info.plist */ = {isa = PBXFileReference; lastKnownFileType = text.plist.xml; path = Info.plist; sourceTree = "<group>"; };
		70271FA5289554A3009D8757 /* RegistrationViewController.swift */ = {isa = PBXFileReference; lastKnownFileType = sourcecode.swift; path = RegistrationViewController.swift; sourceTree = "<group>"; };
		705F376928983B110077E889 /* User.swift */ = {isa = PBXFileReference; lastKnownFileType = sourcecode.swift; path = User.swift; sourceTree = "<group>"; };
		70CF10F928955D48006C6BD7 /* FirstTableViewCell.swift */ = {isa = PBXFileReference; lastKnownFileType = sourcecode.swift; path = FirstTableViewCell.swift; sourceTree = "<group>"; };
		70CF10FB28955D5B006C6BD7 /* SecondTableViewCell.swift */ = {isa = PBXFileReference; lastKnownFileType = sourcecode.swift; path = SecondTableViewCell.swift; sourceTree = "<group>"; };
		70CF10FD28955D69006C6BD7 /* ThirdTableViewCell.swift */ = {isa = PBXFileReference; lastKnownFileType = sourcecode.swift; path = ThirdTableViewCell.swift; sourceTree = "<group>"; };
		70CF10FF28955D79006C6BD7 /* ForthTableViewCell.swift */ = {isa = PBXFileReference; lastKnownFileType = sourcecode.swift; path = ForthTableViewCell.swift; sourceTree = "<group>"; };
		70CF11212895A6C8006C6BD7 /* VaccineViewController.swift */ = {isa = PBXFileReference; lastKnownFileType = sourcecode.swift; path = VaccineViewController.swift; sourceTree = "<group>"; };
		70CF11232895A8BE006C6BD7 /* VaccineTableViewCell.swift */ = {isa = PBXFileReference; lastKnownFileType = sourcecode.swift; path = VaccineTableViewCell.swift; sourceTree = "<group>"; };
/* End PBXFileReference section */

/* Begin PBXFrameworksBuildPhase section */
		70271F8828955105009D8757 /* Frameworks */ = {
			isa = PBXFrameworksBuildPhase;
			buildActionMask = 2147483647;
			files = (
			);
			runOnlyForDeploymentPostprocessing = 0;
		};
/* End PBXFrameworksBuildPhase section */

/* Begin PBXGroup section */
		70271F8228955105009D8757 = {
			isa = PBXGroup;
			children = (
				70271F8D28955105009D8757 /* tableViewProjectV2 */,
				70271F8C28955105009D8757 /* Products */,
			);
			sourceTree = "<group>";
		};
		70271F8C28955105009D8757 /* Products */ = {
			isa = PBXGroup;
			children = (
				70271F8B28955105009D8757 /* tableViewProjectV2.app */,
			);
			name = Products;
			sourceTree = "<group>";
		};
		70271F8D28955105009D8757 /* tableViewProjectV2 */ = {
			isa = PBXGroup;
			children = (
				705F376828983AEC0077E889 /* Models */,
				70CF10F828955D14006C6BD7 /* TableViewCells */,
				70271FA228955119009D8757 /* App */,
				70271FA328955120009D8757 /* ViewControllers */,
				70271FA428955134009D8757 /* StoryBoards */,
				70271F9728955107009D8757 /* Assets.xcassets */,
				70271F9C28955107009D8757 /* Info.plist */,
			);
			path = tableViewProjectV2;
			sourceTree = "<group>";
		};
		70271FA228955119009D8757 /* App */ = {
			isa = PBXGroup;
			children = (
				70271F8E28955105009D8757 /* AppDelegate.swift */,
				70271F9028955105009D8757 /* SceneDelegate.swift */,
			);
			path = App;
			sourceTree = "<group>";
		};
		70271FA328955120009D8757 /* ViewControllers */ = {
			isa = PBXGroup;
			children = (
				70271FA5289554A3009D8757 /* RegistrationViewController.swift */,
				70CF11212895A6C8006C6BD7 /* VaccineViewController.swift */,
			);
			path = ViewControllers;
			sourceTree = "<group>";
		};
		70271FA428955134009D8757 /* StoryBoards */ = {
			isa = PBXGroup;
			children = (
				70271F9428955105009D8757 /* Main.storyboard */,
				70271F9928955107009D8757 /* LaunchScreen.storyboard */,
			);
			path = StoryBoards;
			sourceTree = "<group>";
		};
		705F376828983AEC0077E889 /* Models */ = {
			isa = PBXGroup;
			children = (
				705F376928983B110077E889 /* User.swift */,
			);
			path = Models;
			sourceTree = "<group>";
		};
		70CF10F828955D14006C6BD7 /* TableViewCells */ = {
			isa = PBXGroup;
			children = (
				70CF10F928955D48006C6BD7 /* FirstTableViewCell.swift */,
				70CF10FB28955D5B006C6BD7 /* SecondTableViewCell.swift */,
				70CF10FD28955D69006C6BD7 /* ThirdTableViewCell.swift */,
				70CF10FF28955D79006C6BD7 /* ForthTableViewCell.swift */,
				70CF11232895A8BE006C6BD7 /* VaccineTableViewCell.swift */,
			);
			path = TableViewCells;
			sourceTree = "<group>";
		};
/* End PBXGroup section */

/* Begin PBXNativeTarget section */
		70271F8A28955105009D8757 /* tableViewProjectV2 */ = {
			isa = PBXNativeTarget;
			buildConfigurationList = 70271F9F28955107009D8757 /* Build configuration list for PBXNativeTarget "tableViewProjectV2" */;
			buildPhases = (
				70271F8728955105009D8757 /* Sources */,
				70271F8828955105009D8757 /* Frameworks */,
				70271F8928955105009D8757 /* Resources */,
			);
			buildRules = (
			);
			dependencies = (
			);
			name = tableViewProjectV2;
			productName = tableViewProjectV2;
			productReference = 70271F8B28955105009D8757 /* tableViewProjectV2.app */;
			productType = "com.apple.product-type.application";
		};
/* End PBXNativeTarget section */

/* Begin PBXProject section */
		70271F8328955105009D8757 /* Project object */ = {
			isa = PBXProject;
			attributes = {
				BuildIndependentTargetsInParallel = 1;
				LastSwiftUpdateCheck = 1340;
				LastUpgradeCheck = 1340;
				TargetAttributes = {
					70271F8A28955105009D8757 = {
						CreatedOnToolsVersion = 13.4.1;
					};
				};
			};
			buildConfigurationList = 70271F8628955105009D8757 /* Build configuration list for PBXProject "tableViewProjectV2" */;
			compatibilityVersion = "Xcode 13.0";
			developmentRegion = en;
			hasScannedForEncodings = 0;
			knownRegions = (
				en,
				Base,
			);
			mainGroup = 70271F8228955105009D8757;
			productRefGroup = 70271F8C28955105009D8757 /* Products */;
			projectDirPath = "";
			projectRoot = "";
			targets = (
				70271F8A28955105009D8757 /* tableViewProjectV2 */,
			);
		};
/* End PBXProject section */

/* Begin PBXResourcesBuildPhase section */
		70271F8928955105009D8757 /* Resources */ = {
			isa = PBXResourcesBuildPhase;
			buildActionMask = 2147483647;
			files = (
				70271F9B28955107009D8757 /* LaunchScreen.storyboard in Resources */,
				70271F9828955107009D8757 /* Assets.xcassets in Resources */,
				70271F9628955105009D8757 /* Main.storyboard in Resources */,
			);
			runOnlyForDeploymentPostprocessing = 0;
		};
/* End PBXResourcesBuildPhase section */

/* Begin PBXSourcesBuildPhase section */
		70271F8728955105009D8757 /* Sources */ = {
			isa = PBXSourcesBuildPhase;
			buildActionMask = 2147483647;
			files = (
				70271F8F28955105009D8757 /* AppDelegate.swift in Sources */,
				70CF10FC28955D5B006C6BD7 /* SecondTableViewCell.swift in Sources */,
				70CF110028955D79006C6BD7 /* ForthTableViewCell.swift in Sources */,
				70271FA6289554A3009D8757 /* RegistrationViewController.swift in Sources */,
				70CF10FA28955D48006C6BD7 /* FirstTableViewCell.swift in Sources */,
				70271F9128955105009D8757 /* SceneDelegate.swift in Sources */,
				70CF11222895A6C8006C6BD7 /* VaccineViewController.swift in Sources */,
				70CF10FE28955D69006C6BD7 /* ThirdTableViewCell.swift in Sources */,
				705F376A28983B110077E889 /* User.swift in Sources */,
				70CF11242895A8BE006C6BD7 /* VaccineTableViewCell.swift in Sources */,
			);
			runOnlyForDeploymentPostprocessing = 0;
		};
/* End PBXSourcesBuildPhase section */

/* Begin PBXVariantGroup section */
		70271F9428955105009D8757 /* Main.storyboard */ = {
			isa = PBXVariantGroup;
			children = (
				70271F9528955105009D8757 /* Base */,
			);
			name = Main.storyboard;
			sourceTree = "<group>";
		};
		70271F9928955107009D8757 /* LaunchScreen.storyboard */ = {
			isa = PBXVariantGroup;
			children = (
				70271F9A28955107009D8757 /* Base */,
			);
			name = LaunchScreen.storyboard;
			sourceTree = "<group>";
		};
/* End PBXVariantGroup section */

/* Begin XCBuildConfiguration section */
		70271F9D28955107009D8757 /* Debug */ = {
			isa = XCBuildConfiguration;
			buildSettings = {
				ALWAYS_SEARCH_USER_PATHS = NO;
				CLANG_ANALYZER_NONNULL = YES;
				CLANG_ANALYZER_NUMBER_OBJECT_CONVERSION = YES_AGGRESSIVE;
				CLANG_CXX_LANGUAGE_STANDARD = "gnu++17";
				CLANG_ENABLE_MODULES = YES;
				CLANG_ENABLE_OBJC_ARC = YES;
				CLANG_ENABLE_OBJC_WEAK = YES;
				CLANG_WARN_BLOCK_CAPTURE_AUTORELEASING = YES;
				CLANG_WARN_BOOL_CONVERSION = YES;
				CLANG_WARN_COMMA = YES;
				CLANG_WARN_CONSTANT_CONVERSION = YES;
				CLANG_WARN_DEPRECATED_OBJC_IMPLEMENTATIONS = YES;
				CLANG_WARN_DIRECT_OBJC_ISA_USAGE = YES_ERROR;
				CLANG_WARN_DOCUMENTATION_COMMENTS = YES;
				CLANG_WARN_EMPTY_BODY = YES;
				CLANG_WARN_ENUM_CONVERSION = YES;
				CLANG_WARN_INFINITE_RECURSION = YES;
				CLANG_WARN_INT_CONVERSION = YES;
				CLANG_WARN_NON_LITERAL_NULL_CONVERSION = YES;
				CLANG_WARN_OBJC_IMPLICIT_RETAIN_SELF = YES;
				CLANG_WARN_OBJC_LITERAL_CONVERSION = YES;
				CLANG_WARN_OBJC_ROOT_CLASS = YES_ERROR;
				CLANG_WARN_QUOTED_INCLUDE_IN_FRAMEWORK_HEADER = YES;
				CLANG_WARN_RANGE_LOOP_ANALYSIS = YES;
				CLANG_WARN_STRICT_PROTOTYPES = YES;
				CLANG_WARN_SUSPICIOUS_MOVE = YES;
				CLANG_WARN_UNGUARDED_AVAILABILITY = YES_AGGRESSIVE;
				CLANG_WARN_UNREACHABLE_CODE = YES;
				CLANG_WARN__DUPLICATE_METHOD_MATCH = YES;
				COPY_PHASE_STRIP = NO;
				DEBUG_INFORMATION_FORMAT = dwarf;
				ENABLE_STRICT_OBJC_MSGSEND = YES;
				ENABLE_TESTABILITY = YES;
				GCC_C_LANGUAGE_STANDARD = gnu11;
				GCC_DYNAMIC_NO_PIC = NO;
				GCC_NO_COMMON_BLOCKS = YES;
				GCC_OPTIMIZATION_LEVEL = 0;
				GCC_PREPROCESSOR_DEFINITIONS = (
					"DEBUG=1",
					"$(inherited)",
				);
				GCC_WARN_64_TO_32_BIT_CONVERSION = YES;
				GCC_WARN_ABOUT_RETURN_TYPE = YES_ERROR;
				GCC_WARN_UNDECLARED_SELECTOR = YES;
				GCC_WARN_UNINITIALIZED_AUTOS = YES_AGGRESSIVE;
				GCC_WARN_UNUSED_FUNCTION = YES;
				GCC_WARN_UNUSED_VARIABLE = YES;
				IPHONEOS_DEPLOYMENT_TARGET = 15.5;
				MTL_ENABLE_DEBUG_INFO = INCLUDE_SOURCE;
				MTL_FAST_MATH = YES;
				ONLY_ACTIVE_ARCH = YES;
				SDKROOT = iphoneos;
				SWIFT_ACTIVE_COMPILATION_CONDITIONS = DEBUG;
				SWIFT_OPTIMIZATION_LEVEL = "-Onone";
			};
			name = Debug;
		};
		70271F9E28955107009D8757 /* Release */ = {
			isa = XCBuildConfiguration;
			buildSettings = {
				ALWAYS_SEARCH_USER_PATHS = NO;
				CLANG_ANALYZER_NONNULL = YES;
				CLANG_ANALYZER_NUMBER_OBJECT_CONVERSION = YES_AGGRESSIVE;
				CLANG_CXX_LANGUAGE_STANDARD = "gnu++17";
				CLANG_ENABLE_MODULES = YES;
				CLANG_ENABLE_OBJC_ARC = YES;
				CLANG_ENABLE_OBJC_WEAK = YES;
				CLANG_WARN_BLOCK_CAPTURE_AUTORELEASING = YES;
				CLANG_WARN_BOOL_CONVERSION = YES;
				CLANG_WARN_COMMA = YES;
				CLANG_WARN_CONSTANT_CONVERSION = YES;
				CLANG_WARN_DEPRECATED_OBJC_IMPLEMENTATIONS = YES;
				CLANG_WARN_DIRECT_OBJC_ISA_USAGE = YES_ERROR;
				CLANG_WARN_DOCUMENTATION_COMMENTS = YES;
				CLANG_WARN_EMPTY_BODY = YES;
				CLANG_WARN_ENUM_CONVERSION = YES;
				CLANG_WARN_INFINITE_RECURSION = YES;
				CLANG_WARN_INT_CONVERSION = YES;
				CLANG_WARN_NON_LITERAL_NULL_CONVERSION = YES;
				CLANG_WARN_OBJC_IMPLICIT_RETAIN_SELF = YES;
				CLANG_WARN_OBJC_LITERAL_CONVERSION = YES;
				CLANG_WARN_OBJC_ROOT_CLASS = YES_ERROR;
				CLANG_WARN_QUOTED_INCLUDE_IN_FRAMEWORK_HEADER = YES;
				CLANG_WARN_RANGE_LOOP_ANALYSIS = YES;
				CLANG_WARN_STRICT_PROTOTYPES = YES;
				CLANG_WARN_SUSPICIOUS_MOVE = YES;
				CLANG_WARN_UNGUARDED_AVAILABILITY = YES_AGGRESSIVE;
				CLANG_WARN_UNREACHABLE_CODE = YES;
				CLANG_WARN__DUPLICATE_METHOD_MATCH = YES;
				COPY_PHASE_STRIP = NO;
				DEBUG_INFORMATION_FORMAT = "dwarf-with-dsym";
				ENABLE_NS_ASSERTIONS = NO;
				ENABLE_STRICT_OBJC_MSGSEND = YES;
				GCC_C_LANGUAGE_STANDARD = gnu11;
				GCC_NO_COMMON_BLOCKS = YES;
				GCC_WARN_64_TO_32_BIT_CONVERSION = YES;
				GCC_WARN_ABOUT_RETURN_TYPE = YES_ERROR;
				GCC_WARN_UNDECLARED_SELECTOR = YES;
				GCC_WARN_UNINITIALIZED_AUTOS = YES_AGGRESSIVE;
				GCC_WARN_UNUSED_FUNCTION = YES;
				GCC_WARN_UNUSED_VARIABLE = YES;
				IPHONEOS_DEPLOYMENT_TARGET = 15.5;
				MTL_ENABLE_DEBUG_INFO = NO;
				MTL_FAST_MATH = YES;
				SDKROOT = iphoneos;
				SWIFT_COMPILATION_MODE = wholemodule;
				SWIFT_OPTIMIZATION_LEVEL = "-O";
				VALIDATE_PRODUCT = YES;
			};
			name = Release;
		};
		70271FA028955107009D8757 /* Debug */ = {
			isa = XCBuildConfiguration;
			buildSettings = {
				ASSETCATALOG_COMPILER_APPICON_NAME = AppIcon;
				ASSETCATALOG_COMPILER_GLOBAL_ACCENT_COLOR_NAME = AccentColor;
				CODE_SIGN_STYLE = Automatic;
				CURRENT_PROJECT_VERSION = 1;
				DEVELOPMENT_TEAM = VLWS5J8QR3;
				GENERATE_INFOPLIST_FILE = YES;
				INFOPLIST_FILE = tableViewProjectV2/Info.plist;
				INFOPLIST_KEY_UIApplicationSupportsIndirectInputEvents = YES;
				INFOPLIST_KEY_UILaunchStoryboardName = LaunchScreen;
				INFOPLIST_KEY_UIMainStoryboardFile = Main;
				INFOPLIST_KEY_UISupportedInterfaceOrientations_iPad = "UIInterfaceOrientationPortrait UIInterfaceOrientationPortraitUpsideDown UIInterfaceOrientationLandscapeLeft UIInterfaceOrientationLandscapeRight";
				INFOPLIST_KEY_UISupportedInterfaceOrientations_iPhone = "UIInterfaceOrientationPortrait UIInterfaceOrientationLandscapeLeft UIInterfaceOrientationLandscapeRight";
				LD_RUNPATH_SEARCH_PATHS = (
					"$(inherited)",
					"@executable_path/Frameworks",
				);
				MARKETING_VERSION = 1.0;
				PRODUCT_BUNDLE_IDENTIFIER = senatorova.tableViewProjectV2;
				PRODUCT_NAME = "$(TARGET_NAME)";
				SWIFT_EMIT_LOC_STRINGS = YES;
				SWIFT_VERSION = 5.0;
				TARGETED_DEVICE_FAMILY = 1;
			};
			name = Debug;
		};
		70271FA128955107009D8757 /* Release */ = {
			isa = XCBuildConfiguration;
			buildSettings = {
				ASSETCATALOG_COMPILER_APPICON_NAME = AppIcon;
				ASSETCATALOG_COMPILER_GLOBAL_ACCENT_COLOR_NAME = AccentColor;
				CODE_SIGN_STYLE = Automatic;
				CURRENT_PROJECT_VERSION = 1;
				DEVELOPMENT_TEAM = VLWS5J8QR3;
				GENERATE_INFOPLIST_FILE = YES;
				INFOPLIST_FILE = tableViewProjectV2/Info.plist;
				INFOPLIST_KEY_UIApplicationSupportsIndirectInputEvents = YES;
				INFOPLIST_KEY_UILaunchStoryboardName = LaunchScreen;
				INFOPLIST_KEY_UIMainStoryboardFile = Main;
				INFOPLIST_KEY_UISupportedInterfaceOrientations_iPad = "UIInterfaceOrientationPortrait UIInterfaceOrientationPortraitUpsideDown UIInterfaceOrientationLandscapeLeft UIInterfaceOrientationLandscapeRight";
				INFOPLIST_KEY_UISupportedInterfaceOrientations_iPhone = "UIInterfaceOrientationPortrait UIInterfaceOrientationLandscapeLeft UIInterfaceOrientationLandscapeRight";
				LD_RUNPATH_SEARCH_PATHS = (
					"$(inherited)",
					"@executable_path/Frameworks",
				);
				MARKETING_VERSION = 1.0;
				PRODUCT_BUNDLE_IDENTIFIER = senatorova.tableViewProjectV2;
				PRODUCT_NAME = "$(TARGET_NAME)";
				SWIFT_EMIT_LOC_STRINGS = YES;
				SWIFT_VERSION = 5.0;
				TARGETED_DEVICE_FAMILY = 1;
			};
			name = Release;
		};
/* End XCBuildConfiguration section */

/* Begin XCConfigurationList section */
		70271F8628955105009D8757 /* Build configuration list for PBXProject "tableViewProjectV2" */ = {
			isa = XCConfigurationList;
			buildConfigurations = (
				70271F9D28955107009D8757 /* Debug */,
				70271F9E28955107009D8757 /* Release */,
			);
			defaultConfigurationIsVisible = 0;
			defaultConfigurationName = Release;
		};
		70271F9F28955107009D8757 /* Build configuration list for PBXNativeTarget "tableViewProjectV2" */ = {
			isa = XCConfigurationList;
			buildConfigurations = (
				70271FA028955107009D8757 /* Debug */,
				70271FA128955107009D8757 /* Release */,
			);
			defaultConfigurationIsVisible = 0;
			defaultConfigurationName = Release;
		};
/* End XCConfigurationList section */
	};
	rootObject = 70271F8328955105009D8757 /* Project object */;
}
